{
  "name": "vue-coding-task",
  "version": "1.0.0",
  "lockfileVersion": 2,
  "requires": true,
  "packages": {
    "": {
      "name": "vue-coding-task",
      "version": "1.0.0",
      "license": "ISC",
      "dependencies": {
        "typed.js": "^2.0.12"
      }
    },
    "node_modules/typed.js": {
      "version": "2.0.12",
      "resolved": "git+ssh://git@github.com/mattboldt/typed.js.git#37873a11ffadc43af412b67eea332d2a531dad15",
      "license": "MIT"
    }
  },
  "dependencies": {
    "typed.js": {
      "version": "git+ssh://git@github.com/mattboldt/typed.js.git#37873a11ffadc43af412b67eea332d2a531dad15",
      "from": "typed.js@^2.0.12"
    }
  }
}
